[[package]]
name = "pyotp"
version = "2.6.0"
description = "Python One Time Password Library"
category = "main"
optional = false
python-versions = "*"

[metadata]
lock-version = "1.1"
python-versions = ">3.8,<4"
content-hash = "513e35ad35c2732d67d4cca8b3fdb94c127ea7b0bb9f573652f50d6766ee9ca4"

[metadata.files]
pyotp = [
    {file = "pyotp-2.6.0-py2.py3-none-any.whl", hash = "sha256:9d144de0f8a601d6869abe1409f4a3f75f097c37b50a36a3bf165810a6e23f28"},
    {file = "pyotp-2.6.0.tar.gz", hash = "sha256:d28ddfd40e0c1b6a6b9da961c7d47a10261fb58f378cb00f05ce88b26df9c432"},
]
